
Microsoft Visual Studio Solution File, Format Version 12.00
# Visual Studio Version 17
VisualStudioVersion = 17.3.32901.215
MinimumVisualStudioVersion = 10.0.40219.1
Project("{FAE04EC0-301F-11D3-BF4B-00C04F79EFBC}") = "Try221", "Try221\Try221.csproj", "{74D52A4B-DA47-48AA-B298-AE233DACB412}"
EndProject
Global
	GlobalSection(SolutionConfigurationPlatforms) = preSolution
		Debug|Any CPU = Debug|Any CPU
		Release|Any CPU = Release|Any CPU
	EndGlobalSection
	GlobalSection(ProjectConfigurationPlatforms) = postSolution
		{74D52A4B-DA47-48AA-B298-AE233DACB412}.Debug|Any CPU.ActiveCfg = Debug|Any CPU
		{74D52A4B-DA47-48AA-B298-AE233DACB412}.Debug|Any CPU.Build.0 = Debug|Any CPU
		{74D52A4B-DA47-48AA-B298-AE233DACB412}.Release|Any CPU.ActiveCfg = Release|Any CPU
		{74D52A4B-DA47-48AA-B298-AE233DACB412}.Release|Any CPU.Build.0 = Release|Any CPU
	EndGlobalSection
	GlobalSection(SolutionProperties) = preSolution
		HideSolutionNode = FALSE
	EndGlobalSection
	GlobalSection(ExtensibilityGlobals) = postSolution
		SolutionGuid = {B7C60170-FEA6-432F-9EEC-98BD5551D260}
	EndGlobalSection
EndGlobal
